
Microsoft Visual Studio Solution File, Format Version 12.00
# Visual Studio Version 16
VisualStudioVersion = 16.0.29609.76
MinimumVisualStudioVersion = 10.0.40219.1
Project("{FAE04EC0-301F-11D3-BF4B-00C04F79EFBC}") = "Adapter_Facade_Muster", "Adapter_Facade_Muster\Adapter_Facade_Muster.csproj", "{DC1C716D-05D4-477C-99C1-957EBD4D40DF}"
EndProject
Global
	GlobalSection(SolutionConfigurationPlatforms) = preSolution
		Debug|Any CPU = Debug|Any CPU
		Release|Any CPU = Release|Any CPU
	EndGlobalSection
	GlobalSection(ProjectConfigurationPlatforms) = postSolution
		{DC1C716D-05D4-477C-99C1-957EBD4D40DF}.Debug|Any CPU.ActiveCfg = Debug|Any CPU
		{DC1C716D-05D4-477C-99C1-957EBD4D40DF}.Debug|Any CPU.Build.0 = Debug|Any CPU
		{DC1C716D-05D4-477C-99C1-957EBD4D40DF}.Release|Any CPU.ActiveCfg = Release|Any CPU
		{DC1C716D-05D4-477C-99C1-957EBD4D40DF}.Release|Any CPU.Build.0 = Release|Any CPU
	EndGlobalSection
	GlobalSection(SolutionProperties) = preSolution
		HideSolutionNode = FALSE
	EndGlobalSection
	GlobalSection(ExtensibilityGlobals) = postSolution
		SolutionGuid = {7E60A56E-A95B-4685-986C-A98ED4F4B508}
	EndGlobalSection
EndGlobal
